
Microsoft Visual Studio Solution File, Format Version 12.00
# Visual Studio Version 17
VisualStudioVersion = 17.7.34024.191
MinimumVisualStudioVersion = 10.0.40219.1
Project("{FAE04EC0-301F-11D3-BF4B-00C04F79EFBC}") = "Examen final DW", "Examen final DW.csproj", "{6FA34E53-8A4C-418B-9D7D-0DC42CEE6883}"
EndProject
Global
	GlobalSection(SolutionConfigurationPlatforms) = preSolution
		Debug|Any CPU = Debug|Any CPU
		Release|Any CPU = Release|Any CPU
	EndGlobalSection
	GlobalSection(ProjectConfigurationPlatforms) = postSolution
		{6FA34E53-8A4C-418B-9D7D-0DC42CEE6883}.Debug|Any CPU.ActiveCfg = Debug|Any CPU
		{6FA34E53-8A4C-418B-9D7D-0DC42CEE6883}.Debug|Any CPU.Build.0 = Debug|Any CPU
		{6FA34E53-8A4C-418B-9D7D-0DC42CEE6883}.Release|Any CPU.ActiveCfg = Release|Any CPU
		{6FA34E53-8A4C-418B-9D7D-0DC42CEE6883}.Release|Any CPU.Build.0 = Release|Any CPU
	EndGlobalSection
	GlobalSection(SolutionProperties) = preSolution
		HideSolutionNode = FALSE
	EndGlobalSection
	GlobalSection(ExtensibilityGlobals) = postSolution
		SolutionGuid = {F3BC04BB-39F4-4BD5-8F38-4A477B8A18DF}
	EndGlobalSection
EndGlobal
